
Microsoft Visual Studio Solution File, Format Version 12.00
# Visual Studio Version 16
VisualStudioVersion = 16.0.31729.503
MinimumVisualStudioVersion = 10.0.40219.1
Project("{FAE04EC0-301F-11D3-BF4B-00C04F79EFBC}") = "ClientProxyForm-P5-20190140077", "ClientProxyForm-P5-20190140077\ClientProxyForm-P5-20190140077.csproj", "{7E5942F2-BD97-4B21-861A-F9A013D42D56}"
EndProject
Global
	GlobalSection(SolutionConfigurationPlatforms) = preSolution
		Debug|Any CPU = Debug|Any CPU
		Release|Any CPU = Release|Any CPU
	EndGlobalSection
	GlobalSection(ProjectConfigurationPlatforms) = postSolution
		{7E5942F2-BD97-4B21-861A-F9A013D42D56}.Debug|Any CPU.ActiveCfg = Debug|Any CPU
		{7E5942F2-BD97-4B21-861A-F9A013D42D56}.Debug|Any CPU.Build.0 = Debug|Any CPU
		{7E5942F2-BD97-4B21-861A-F9A013D42D56}.Release|Any CPU.ActiveCfg = Release|Any CPU
		{7E5942F2-BD97-4B21-861A-F9A013D42D56}.Release|Any CPU.Build.0 = Release|Any CPU
	EndGlobalSection
	GlobalSection(SolutionProperties) = preSolution
		HideSolutionNode = FALSE
	EndGlobalSection
	GlobalSection(ExtensibilityGlobals) = postSolution
		SolutionGuid = {EC9A6235-D749-47B1-8BDA-12316D2F28FE}
	EndGlobalSection
EndGlobal
